
Microsoft Visual Studio Solution File, Format Version 12.00
# Visual Studio 2012
# Ranorex Studio 10.7.0
VisualStudioVersion = 12.0.20827.3
MinimumVisualStudioVersion = 10.0.40219.1
Project("{2150E333-8FDC-42A3-9474-1A3956D46DE8}") = "Solution Items", "Solution Items", "{5EB464A0-F0D0-4CEF-A431-B03B844027E0}"
	ProjectSection(SolutionItems) = postProject
		Ranorex = .\Ranorex.rxsettings
	EndProjectSection
EndProject
Project("{FAE04EC0-301F-11D3-BF4B-00C04F79EFBC}") = "TestPlayer", "TestPlayer\TestPlayer.csproj", "{6968C89D-9792-4706-82E0-E23A5115FCE3}"
EndProject
Global
	GlobalSection(SolutionConfigurationPlatforms) = preSolution
		Debug|x86 = Debug|x86
		Release|x86 = Release|x86
	EndGlobalSection
	GlobalSection(ProjectConfigurationPlatforms) = postSolution
		{6968C89D-9792-4706-82E0-E23A5115FCE3}.Debug|x86.Build.0 = Debug|x86
		{6968C89D-9792-4706-82E0-E23A5115FCE3}.Debug|x86.ActiveCfg = Debug|x86
		{6968C89D-9792-4706-82E0-E23A5115FCE3}.Release|x86.Build.0 = Release|x86
		{6968C89D-9792-4706-82E0-E23A5115FCE3}.Release|x86.ActiveCfg = Release|x86
	EndGlobalSection
EndGlobal
